// !$*UTF8*$!
{
	archiveVersion = 1;
	classes = {
	};
	objectVersion = 46;
	objects = {

/* Begin PBXBuildFile section */
		2111F95D1DB0369500E84A2C /* AppDelegate.swift in Sources */ = {isa = PBXBuildFile; fileRef = 2111F95C1DB0369500E84A2C /* AppDelegate.swift */; };
		2111F9621DB0369500E84A2C /* Main.storyboard in Resources */ = {isa = PBXBuildFile; fileRef = 2111F9601DB0369500E84A2C /* Main.storyboard */; };
		2111F9641DB0369500E84A2C /* Assets.xcassets in Resources */ = {isa = PBXBuildFile; fileRef = 2111F9631DB0369500E84A2C /* Assets.xcassets */; };
		2111F9671DB0369500E84A2C /* LaunchScreen.storyboard in Resources */ = {isa = PBXBuildFile; fileRef = 2111F9651DB0369500E84A2C /* LaunchScreen.storyboard */; };
		2111F9721DB0369500E84A2C /* MovieWatchListTests.swift in Sources */ = {isa = PBXBuildFile; fileRef = 2111F9711DB0369500E84A2C /* MovieWatchListTests.swift */; };
		2111F97D1DB036F800E84A2C /* WatchListTableViewController.swift in Sources */ = {isa = PBXBuildFile; fileRef = 2111F97C1DB036F800E84A2C /* WatchListTableViewController.swift */; };
		2111F9811DB0373800E84A2C /* MovieController.swift in Sources */ = {isa = PBXBuildFile; fileRef = 2111F9801DB0373800E84A2C /* MovieController.swift */; };
		2111F9831DB0379300E84A2C /* NetworkController.swift in Sources */ = {isa = PBXBuildFile; fileRef = 2111F9821DB0379300E84A2C /* NetworkController.swift */; };
		2111F9851DB037B300E84A2C /* CoreDataStack.swift in Sources */ = {isa = PBXBuildFile; fileRef = 2111F9841DB037B300E84A2C /* CoreDataStack.swift */; };
		2111F9881DB039B300E84A2C /* MovieWatchList.xcdatamodeld in Sources */ = {isa = PBXBuildFile; fileRef = 2111F9861DB039B300E84A2C /* MovieWatchList.xcdatamodeld */; };
		2111F98A1DB03A1800E84A2C /* Movie+Convenience.swift in Sources */ = {isa = PBXBuildFile; fileRef = 2111F9891DB03A1800E84A2C /* Movie+Convenience.swift */; };
/* End PBXBuildFile section */

/* Begin PBXContainerItemProxy section */
		2111F96E1DB0369500E84A2C /* PBXContainerItemProxy */ = {
			isa = PBXContainerItemProxy;
			containerPortal = 2111F9511DB0369500E84A2C /* Project object */;
			proxyType = 1;
			remoteGlobalIDString = 2111F9581DB0369500E84A2C;
			remoteInfo = MovieWatchList;
		};
/* End PBXContainerItemProxy section */

/* Begin PBXFileReference section */
		2111F9591DB0369500E84A2C /* MovieWatchList.app */ = {isa = PBXFileReference; explicitFileType = wrapper.application; includeInIndex = 0; path = MovieWatchList.app; sourceTree = BUILT_PRODUCTS_DIR; };
		2111F95C1DB0369500E84A2C /* AppDelegate.swift */ = {isa = PBXFileReference; lastKnownFileType = sourcecode.swift; path = AppDelegate.swift; sourceTree = "<group>"; };
		2111F9611DB0369500E84A2C /* Base */ = {isa = PBXFileReference; lastKnownFileType = file.storyboard; name = Base; path = Base.lproj/Main.storyboard; sourceTree = "<group>"; };
		2111F9631DB0369500E84A2C /* Assets.xcassets */ = {isa = PBXFileReference; lastKnownFileType = folder.assetcatalog; path = Assets.xcassets; sourceTree = "<group>"; };
		2111F9661DB0369500E84A2C /* Base */ = {isa = PBXFileReference; lastKnownFileType = file.storyboard; name = Base; path = Base.lproj/LaunchScreen.storyboard; sourceTree = "<group>"; };
		2111F9681DB0369500E84A2C /* Info.plist */ = {isa = PBXFileReference; lastKnownFileType = text.plist.xml; path = Info.plist; sourceTree = "<group>"; };
		2111F96D1DB0369500E84A2C /* MovieWatchListTests.xctest */ = {isa = PBXFileReference; explicitFileType = wrapper.cfbundle; includeInIndex = 0; path = MovieWatchListTests.xctest; sourceTree = BUILT_PRODUCTS_DIR; };
		2111F9711DB0369500E84A2C /* MovieWatchListTests.swift */ = {isa = PBXFileReference; lastKnownFileType = sourcecode.swift; path = MovieWatchListTests.swift; sourceTree = "<group>"; };
		2111F9731DB0369500E84A2C /* Info.plist */ = {isa = PBXFileReference; lastKnownFileType = text.plist.xml; path = Info.plist; sourceTree = "<group>"; };
		2111F97C1DB036F800E84A2C /* WatchListTableViewController.swift */ = {isa = PBXFileReference; fileEncoding = 4; lastKnownFileType = sourcecode.swift; path = WatchListTableViewController.swift; sourceTree = "<group>"; };
		2111F9801DB0373800E84A2C /* MovieController.swift */ = {isa = PBXFileReference; fileEncoding = 4; lastKnownFileType = sourcecode.swift; path = MovieController.swift; sourceTree = "<group>"; };
		2111F9821DB0379300E84A2C /* NetworkController.swift */ = {isa = PBXFileReference; fileEncoding = 4; lastKnownFileType = sourcecode.swift; path = NetworkController.swift; sourceTree = "<group>"; };
		2111F9841DB037B300E84A2C /* CoreDataStack.swift */ = {isa = PBXFileReference; fileEncoding = 4; lastKnownFileType = sourcecode.swift; name = CoreDataStack.swift; path = MovieWatchList/CoreDataStack.swift; sourceTree = "<group>"; };
		2111F9871DB039B300E84A2C /* MovieWatchList.xcdatamodel */ = {isa = PBXFileReference; lastKnownFileType = wrapper.xcdatamodel; path = MovieWatchList.xcdatamodel; sourceTree = "<group>"; };
		2111F9891DB03A1800E84A2C /* Movie+Convenience.swift */ = {isa = PBXFileReference; fileEncoding = 4; lastKnownFileType = sourcecode.swift; path = "Movie+Convenience.swift"; sourceTree = "<group>"; };
/* End PBXFileReference section */

/* Begin PBXFrameworksBuildPhase section */
		2111F9561DB0369500E84A2C /* Frameworks */ = {
			isa = PBXFrameworksBuildPhase;
			buildActionMask = 2147483647;
			files = (
			);
			runOnlyForDeploymentPostprocessing = 0;
		};
		2111F96A1DB0369500E84A2C /* Frameworks */ = {
			isa = PBXFrameworksBuildPhase;
			buildActionMask = 2147483647;
			files = (
			);
			runOnlyForDeploymentPostprocessing = 0;
		};
/* End PBXFrameworksBuildPhase section */

/* Begin PBXGroup section */
		2111F9501DB0369500E84A2C = {
			isa = PBXGroup;
			children = (
				2111F95B1DB0369500E84A2C /* MovieWatchList */,
				2111F9701DB0369500E84A2C /* MovieWatchListTests */,
				2111F95A1DB0369500E84A2C /* Products */,
			);
			sourceTree = "<group>";
		};
		2111F95A1DB0369500E84A2C /* Products */ = {
			isa = PBXGroup;
			children = (
				2111F9591DB0369500E84A2C /* MovieWatchList.app */,
				2111F96D1DB0369500E84A2C /* MovieWatchListTests.xctest */,
			);
			name = Products;
			sourceTree = "<group>";
		};
		2111F95B1DB0369500E84A2C /* MovieWatchList */ = {
			isa = PBXGroup;
			children = (
				2111F95C1DB0369500E84A2C /* AppDelegate.swift */,
				2111F98C1DB03B9C00E84A2C /* Model */,
				2111F98B1DB03B7600E84A2C /* ModelController */,
				2111F98D1DB03BBD00E84A2C /* ViewController */,
				2111F9601DB0369500E84A2C /* Main.storyboard */,
				2111F9651DB0369500E84A2C /* LaunchScreen.storyboard */,
				2111F9681DB0369500E84A2C /* Info.plist */,
				2111F9631DB0369500E84A2C /* Assets.xcassets */,
			);
			path = MovieWatchList;
			sourceTree = "<group>";
		};
		2111F9701DB0369500E84A2C /* MovieWatchListTests */ = {
			isa = PBXGroup;
			children = (
				2111F9711DB0369500E84A2C /* MovieWatchListTests.swift */,
				2111F9731DB0369500E84A2C /* Info.plist */,
			);
			path = MovieWatchListTests;
			sourceTree = "<group>";
		};
		2111F98B1DB03B7600E84A2C /* ModelController */ = {
			isa = PBXGroup;
			children = (
				2111F9801DB0373800E84A2C /* MovieController.swift */,
				2111F9821DB0379300E84A2C /* NetworkController.swift */,
			);
			name = ModelController;
			sourceTree = "<group>";
		};
		2111F98C1DB03B9C00E84A2C /* Model */ = {
			isa = PBXGroup;
			children = (
				2111F9841DB037B300E84A2C /* CoreDataStack.swift */,
				2111F9861DB039B300E84A2C /* MovieWatchList.xcdatamodeld */,
				2111F9891DB03A1800E84A2C /* Movie+Convenience.swift */,
			);
			name = Model;
			path = ..;
			sourceTree = "<group>";
		};
		2111F98D1DB03BBD00E84A2C /* ViewController */ = {
			isa = PBXGroup;
			children = (
				2111F97C1DB036F800E84A2C /* WatchListTableViewController.swift */,
			);
			name = ViewController;
			sourceTree = "<group>";
		};
/* End PBXGroup section */

/* Begin PBXNativeTarget section */
		2111F9581DB0369500E84A2C /* MovieWatchList */ = {
			isa = PBXNativeTarget;
			buildConfigurationList = 2111F9761DB0369500E84A2C /* Build configuration list for PBXNativeTarget "MovieWatchList" */;
			buildPhases = (
				2111F9551DB0369500E84A2C /* Sources */,
				2111F9561DB0369500E84A2C /* Frameworks */,
				2111F9571DB0369500E84A2C /* Resources */,
			);
			buildRules = (
			);
			dependencies = (
			);
			name = MovieWatchList;
			productName = MovieWatchList;
			productReference = 2111F9591DB0369500E84A2C /* MovieWatchList.app */;
			productType = "com.apple.product-type.application";
		};
		2111F96C1DB0369500E84A2C /* MovieWatchListTests */ = {
			isa = PBXNativeTarget;
			buildConfigurationList = 2111F9791DB0369500E84A2C /* Build configuration list for PBXNativeTarget "MovieWatchListTests" */;
			buildPhases = (
				2111F9691DB0369500E84A2C /* Sources */,
				2111F96A1DB0369500E84A2C /* Frameworks */,
				2111F96B1DB0369500E84A2C /* Resources */,
			);
			buildRules = (
			);
			dependencies = (
				2111F96F1DB0369500E84A2C /* PBXTargetDependency */,
			);
			name = MovieWatchListTests;
			productName = MovieWatchListTests;
			productReference = 2111F96D1DB0369500E84A2C /* MovieWatchListTests.xctest */;
			productType = "com.apple.product-type.bundle.unit-test";
		};
/* End PBXNativeTarget section */

/* Begin PBXProject section */
		2111F9511DB0369500E84A2C /* Project object */ = {
			isa = PBXProject;
			attributes = {
				LastSwiftUpdateCheck = 0800;
				LastUpgradeCheck = 0800;
				ORGANIZATIONNAME = PatrickRidd;
				TargetAttributes = {
					2111F9581DB0369500E84A2C = {
						CreatedOnToolsVersion = 8.0;
						LastSwiftMigration = 0800;
						ProvisioningStyle = Automatic;
					};
					2111F96C1DB0369500E84A2C = {
						CreatedOnToolsVersion = 8.0;
						LastSwiftMigration = 0800;
						ProvisioningStyle = Automatic;
						TestTargetID = 2111F9581DB0369500E84A2C;
					};
				};
			};
			buildConfigurationList = 2111F9541DB0369500E84A2C /* Build configuration list for PBXProject "MovieWatchList" */;
			compatibilityVersion = "Xcode 3.2";
			developmentRegion = English;
			hasScannedForEncodings = 0;
			knownRegions = (
				en,
				Base,
			);
			mainGroup = 2111F9501DB0369500E84A2C;
			productRefGroup = 2111F95A1DB0369500E84A2C /* Products */;
			projectDirPath = "";
			projectRoot = "";
			targets = (
				2111F9581DB0369500E84A2C /* MovieWatchList */,
				2111F96C1DB0369500E84A2C /* MovieWatchListTests */,
			);
		};
/* End PBXProject section */

/* Begin PBXResourcesBuildPhase section */
		2111F9571DB0369500E84A2C /* Resources */ = {
			isa = PBXResourcesBuildPhase;
			buildActionMask = 2147483647;
			files = (
				2111F9671DB0369500E84A2C /* LaunchScreen.storyboard in Resources */,
				2111F9641DB0369500E84A2C /* Assets.xcassets in Resources */,
				2111F9621DB0369500E84A2C /* Main.storyboard in Resources */,
			);
			runOnlyForDeploymentPostprocessing = 0;
		};
		2111F96B1DB0369500E84A2C /* Resources */ = {
			isa = PBXResourcesBuildPhase;
			buildActionMask = 2147483647;
			files = (
			);
			runOnlyForDeploymentPostprocessing = 0;
		};
/* End PBXResourcesBuildPhase section */

/* Begin PBXSourcesBuildPhase section */
		2111F9551DB0369500E84A2C /* Sources */ = {
			isa = PBXSourcesBuildPhase;
			buildActionMask = 2147483647;
			files = (
				2111F9851DB037B300E84A2C /* CoreDataStack.swift in Sources */,
				2111F97D1DB036F800E84A2C /* WatchListTableViewController.swift in Sources */,
				2111F98A1DB03A1800E84A2C /* Movie+Convenience.swift in Sources */,
				2111F9811DB0373800E84A2C /* MovieController.swift in Sources */,
				2111F9831DB0379300E84A2C /* NetworkController.swift in Sources */,
				2111F9881DB039B300E84A2C /* MovieWatchList.xcdatamodeld in Sources */,
				2111F95D1DB0369500E84A2C /* AppDelegate.swift in Sources */,
			);
			runOnlyForDeploymentPostprocessing = 0;
		};
		2111F9691DB0369500E84A2C /* Sources */ = {
			isa = PBXSourcesBuildPhase;
			buildActionMask = 2147483647;
			files = (
				2111F9721DB0369500E84A2C /* MovieWatchListTests.swift in Sources */,
			);
			runOnlyForDeploymentPostprocessing = 0;
		};
/* End PBXSourcesBuildPhase section */

/* Begin PBXTargetDependency section */
		2111F96F1DB0369500E84A2C /* PBXTargetDependency */ = {
			isa = PBXTargetDependency;
			target = 2111F9581DB0369500E84A2C /* MovieWatchList */;
			targetProxy = 2111F96E1DB0369500E84A2C /* PBXContainerItemProxy */;
		};
/* End PBXTargetDependency section */

/* Begin PBXVariantGroup section */
		2111F9601DB0369500E84A2C /* Main.storyboard */ = {
			isa = PBXVariantGroup;
			children = (
				2111F9611DB0369500E84A2C /* Base */,
			);
			name = Main.storyboard;
			sourceTree = "<group>";
		};
		2111F9651DB0369500E84A2C /* LaunchScreen.storyboard */ = {
			isa = PBXVariantGroup;
			children = (
				2111F9661DB0369500E84A2C /* Base */,
			);
			name = LaunchScreen.storyboard;
			sourceTree = "<group>";
		};
/* End PBXVariantGroup section */

/* Begin XCBuildConfiguration section */
		2111F9741DB0369500E84A2C /* Debug */ = {
			isa = XCBuildConfiguration;
			buildSettings = {
				ALWAYS_SEARCH_USER_PATHS = NO;
				CLANG_ANALYZER_NONNULL = YES;
				CLANG_CXX_LANGUAGE_STANDARD = "gnu++0x";
				CLANG_CXX_LIBRARY = "libc++";
				CLANG_ENABLE_MODULES = YES;
				CLANG_ENABLE_OBJC_ARC = YES;
				CLANG_WARN_BOOL_CONVERSION = YES;
				CLANG_WARN_CONSTANT_CONVERSION = YES;
				CLANG_WARN_DIRECT_OBJC_ISA_USAGE = YES_ERROR;
				CLANG_WARN_DOCUMENTATION_COMMENTS = YES;
				CLANG_WARN_EMPTY_BODY = YES;
				CLANG_WARN_ENUM_CONVERSION = YES;
				CLANG_WARN_INFINITE_RECURSION = YES;
				CLANG_WARN_INT_CONVERSION = YES;
				CLANG_WARN_OBJC_ROOT_CLASS = YES_ERROR;
				CLANG_WARN_SUSPICIOUS_MOVES = YES;
				CLANG_WARN_UNREACHABLE_CODE = YES;
				CLANG_WARN__DUPLICATE_METHOD_MATCH = YES;
				"CODE_SIGN_IDENTITY[sdk=iphoneos*]" = "iPhone Developer";
				COPY_PHASE_STRIP = NO;
				DEBUG_INFORMATION_FORMAT = dwarf;
				ENABLE_STRICT_OBJC_MSGSEND = YES;
				ENABLE_TESTABILITY = YES;
				GCC_C_LANGUAGE_STANDARD = gnu99;
				GCC_DYNAMIC_NO_PIC = NO;
				GCC_NO_COMMON_BLOCKS = YES;
				GCC_OPTIMIZATION_LEVEL = 0;
				GCC_PREPROCESSOR_DEFINITIONS = (
					"DEBUG=1",
					"$(inherited)",
				);
				GCC_WARN_64_TO_32_BIT_CONVERSION = YES;
				GCC_WARN_ABOUT_RETURN_TYPE = YES_ERROR;
				GCC_WARN_UNDECLARED_SELECTOR = YES;
				GCC_WARN_UNINITIALIZED_AUTOS = YES_AGGRESSIVE;
				GCC_WARN_UNUSED_FUNCTION = YES;
				GCC_WARN_UNUSED_VARIABLE = YES;
				IPHONEOS_DEPLOYMENT_TARGET = 10.0;
				MTL_ENABLE_DEBUG_INFO = YES;
				ONLY_ACTIVE_ARCH = YES;
				SDKROOT = iphoneos;
				SWIFT_ACTIVE_COMPILATION_CONDITIONS = DEBUG;
				SWIFT_OPTIMIZATION_LEVEL = "-Onone";
			};
			name = Debug;
		};
		2111F9751DB0369500E84A2C /* Release */ = {
			isa = XCBuildConfiguration;
			buildSettings = {
				ALWAYS_SEARCH_USER_PATHS = NO;
				CLANG_ANALYZER_NONNULL = YES;
				CLANG_CXX_LANGUAGE_STANDARD = "gnu++0x";
				CLANG_CXX_LIBRARY = "libc++";
				CLANG_ENABLE_MODULES = YES;
				CLANG_ENABLE_OBJC_ARC = YES;
				CLANG_WARN_BOOL_CONVERSION = YES;
				CLANG_WARN_CONSTANT_CONVERSION = YES;
				CLANG_WARN_DIRECT_OBJC_ISA_USAGE = YES_ERROR;
				CLANG_WARN_DOCUMENTATION_COMMENTS = YES;
				CLANG_WARN_EMPTY_BODY = YES;
				CLANG_WARN_ENUM_CONVERSION = YES;
				CLANG_WARN_INFINITE_RECURSION = YES;
				CLANG_WARN_INT_CONVERSION = YES;
				CLANG_WARN_OBJC_ROOT_CLASS = YES_ERROR;
				CLANG_WARN_SUSPICIOUS_MOVES = YES;
				CLANG_WARN_UNREACHABLE_CODE = YES;
				CLANG_WARN__DUPLICATE_METHOD_MATCH = YES;
				"CODE_SIGN_IDENTITY[sdk=iphoneos*]" = "iPhone Developer";
				COPY_PHASE_STRIP = NO;
				DEBUG_INFORMATION_FORMAT = "dwarf-with-dsym";
				ENABLE_NS_ASSERTIONS = NO;
				ENABLE_STRICT_OBJC_MSGSEND = YES;
				GCC_C_LANGUAGE_STANDARD = gnu99;
				GCC_NO_COMMON_BLOCKS = YES;
				GCC_WARN_64_TO_32_BIT_CONVERSION = YES;
				GCC_WARN_ABOUT_RETURN_TYPE = YES_ERROR;
				GCC_WARN_UNDECLARED_SELECTOR = YES;
				GCC_WARN_UNINITIALIZED_AUTOS = YES_AGGRESSIVE;
				GCC_WARN_UNUSED_FUNCTION = YES;
				GCC_WARN_UNUSED_VARIABLE = YES;
				IPHONEOS_DEPLOYMENT_TARGET = 10.0;
				MTL_ENABLE_DEBUG_INFO = NO;
				SDKROOT = iphoneos;
				SWIFT_OPTIMIZATION_LEVEL = "-Owholemodule";
				VALIDATE_PRODUCT = YES;
			};
			name = Release;
		};
		2111F9771DB0369500E84A2C /* Debug */ = {
			isa = XCBuildConfiguration;
			buildSettings = {
				ASSETCATALOG_COMPILER_APPICON_NAME = AppIcon;
				INFOPLIST_FILE = MovieWatchList/Info.plist;
				LD_RUNPATH_SEARCH_PATHS = "$(inherited) @executable_path/Frameworks";
				PRODUCT_BUNDLE_IDENTIFIER = com.PatrickRidd.MovieWatchList;
				PRODUCT_NAME = "$(TARGET_NAME)";
				SWIFT_VERSION = 3.0;
			};
			name = Debug;
		};
		2111F9781DB0369500E84A2C /* Release */ = {
			isa = XCBuildConfiguration;
			buildSettings = {
				ASSETCATALOG_COMPILER_APPICON_NAME = AppIcon;
				INFOPLIST_FILE = MovieWatchList/Info.plist;
				LD_RUNPATH_SEARCH_PATHS = "$(inherited) @executable_path/Frameworks";
				PRODUCT_BUNDLE_IDENTIFIER = com.PatrickRidd.MovieWatchList;
				PRODUCT_NAME = "$(TARGET_NAME)";
				SWIFT_VERSION = 3.0;
			};
			name = Release;
		};
		2111F97A1DB0369500E84A2C /* Debug */ = {
			isa = XCBuildConfiguration;
			buildSettings = {
				ALWAYS_EMBED_SWIFT_STANDARD_LIBRARIES = YES;
				BUNDLE_LOADER = "$(TEST_HOST)";
				INFOPLIST_FILE = MovieWatchListTests/Info.plist;
				LD_RUNPATH_SEARCH_PATHS = "$(inherited) @executable_path/Frameworks @loader_path/Frameworks";
				PRODUCT_BUNDLE_IDENTIFIER = com.PatrickRidd.MovieWatchListTests;
				PRODUCT_NAME = "$(TARGET_NAME)";
				SWIFT_VERSION = 3.0;
				TEST_HOST = "$(BUILT_PRODUCTS_DIR)/MovieWatchList.app/MovieWatchList";
			};
			name = Debug;
		};
		2111F97B1DB0369500E84A2C /* Release */ = {
			isa = XCBuildConfiguration;
			buildSettings = {
				ALWAYS_EMBED_SWIFT_STANDARD_LIBRARIES = YES;
				BUNDLE_LOADER = "$(TEST_HOST)";
				INFOPLIST_FILE = MovieWatchListTests/Info.plist;
				LD_RUNPATH_SEARCH_PATHS = "$(inherited) @executable_path/Frameworks @loader_path/Frameworks";
				PRODUCT_BUNDLE_IDENTIFIER = com.PatrickRidd.MovieWatchListTests;
				PRODUCT_NAME = "$(TARGET_NAME)";
				SWIFT_VERSION = 3.0;
				TEST_HOST = "$(BUILT_PRODUCTS_DIR)/MovieWatchList.app/MovieWatchList";
			};
			name = Release;
		};
/* End XCBuildConfiguration section */

/* Begin XCConfigurationList section */
		2111F9541DB0369500E84A2C /* Build configuration list for PBXProject "MovieWatchList" */ = {
			isa = XCConfigurationList;
			buildConfigurations = (
				2111F9741DB0369500E84A2C /* Debug */,
				2111F9751DB0369500E84A2C /* Release */,
			);
			defaultConfigurationIsVisible = 0;
			defaultConfigurationName = Release;
		};
		2111F9761DB0369500E84A2C /* Build configuration list for PBXNativeTarget "MovieWatchList" */ = {
			isa = XCConfigurationList;
			buildConfigurations = (
				2111F9771DB0369500E84A2C /* Debug */,
				2111F9781DB0369500E84A2C /* Release */,
			);
			defaultConfigurationIsVisible = 0;
			defaultConfigurationName = Release;
		};
		2111F9791DB0369500E84A2C /* Build configuration list for PBXNativeTarget "MovieWatchListTests" */ = {
			isa = XCConfigurationList;
			buildConfigurations = (
				2111F97A1DB0369500E84A2C /* Debug */,
				2111F97B1DB0369500E84A2C /* Release */,
			);
			defaultConfigurationIsVisible = 0;
			defaultConfigurationName = Release;
		};
/* End XCConfigurationList section */

/* Begin XCVersionGroup section */
		2111F9861DB039B300E84A2C /* MovieWatchList.xcdatamodeld */ = {
			isa = XCVersionGroup;
			children = (
				2111F9871DB039B300E84A2C /* MovieWatchList.xcdatamodel */,
			);
			currentVersion = 2111F9871DB039B300E84A2C /* MovieWatchList.xcdatamodel */;
			name = MovieWatchList.xcdatamodeld;
			path = MovieWatchList/MovieWatchList.xcdatamodeld;
			sourceTree = "<group>";
			versionGroupType = wrapper.xcdatamodel;
		};
/* End XCVersionGroup section */
	};
	rootObject = 2111F9511DB0369500E84A2C /* Project object */;
}
